
Microsoft Visual Studio Solution File, Format Version 12.00
# Visual Studio 15
VisualStudioVersion = 15.0.27130.2027
MinimumVisualStudioVersion = 10.0.40219.1
Project("{FAE04EC0-301F-11D3-BF4B-00C04F79EFBC}") = "CalculatriceWF", "CalculatriceWF\CalculatriceWF.csproj", "{D1E8D461-BE13-4E3E-9796-14DCF0DD21A8}"
EndProject
Project("{FAE04EC0-301F-11D3-BF4B-00C04F79EFBC}") = "Calculatrice", "Calculatrice\Calculatrice.csproj", "{BEFAA134-1E25-4F74-8E0E-B48BBBAA1FEE}"
EndProject
Global
	GlobalSection(SolutionConfigurationPlatforms) = preSolution
		Debug|Any CPU = Debug|Any CPU
		Release|Any CPU = Release|Any CPU
	EndGlobalSection
	GlobalSection(ProjectConfigurationPlatforms) = postSolution
		{D1E8D461-BE13-4E3E-9796-14DCF0DD21A8}.Debug|Any CPU.ActiveCfg = Debug|Any CPU
		{D1E8D461-BE13-4E3E-9796-14DCF0DD21A8}.Debug|Any CPU.Build.0 = Debug|Any CPU
		{D1E8D461-BE13-4E3E-9796-14DCF0DD21A8}.Release|Any CPU.ActiveCfg = Release|Any CPU
		{D1E8D461-BE13-4E3E-9796-14DCF0DD21A8}.Release|Any CPU.Build.0 = Release|Any CPU
		{BEFAA134-1E25-4F74-8E0E-B48BBBAA1FEE}.Debug|Any CPU.ActiveCfg = Debug|Any CPU
		{BEFAA134-1E25-4F74-8E0E-B48BBBAA1FEE}.Debug|Any CPU.Build.0 = Debug|Any CPU
		{BEFAA134-1E25-4F74-8E0E-B48BBBAA1FEE}.Release|Any CPU.ActiveCfg = Release|Any CPU
		{BEFAA134-1E25-4F74-8E0E-B48BBBAA1FEE}.Release|Any CPU.Build.0 = Release|Any CPU
	EndGlobalSection
	GlobalSection(SolutionProperties) = preSolution
		HideSolutionNode = FALSE
	EndGlobalSection
	GlobalSection(ExtensibilityGlobals) = postSolution
		SolutionGuid = {F3CA736D-A2E5-456E-A659-031B44A720BA}
	EndGlobalSection
EndGlobal
